
Microsoft Visual Studio Solution File, Format Version 12.00
# Visual Studio Version 17
VisualStudioVersion = 17.5.002.0
MinimumVisualStudioVersion = 10.0.40219.1
Project("{2150E333-8FDC-42A3-9474-1A3956D46DE8}") = "csharp-prep", "csharp-prep", "{DBBF59A7-62F3-4DFE-BCB4-9BC4CFCB3CA0}"
EndProject
Project("{9A19103F-16F7-4668-BE54-9A1E7A4F7556}") = "Prep1", "csharp-prep\Prep1\Prep1.csproj", "{9C31DAF5-BE48-4B8F-BB53-D6D7D8968DAE}"
EndProject
Project("{9A19103F-16F7-4668-BE54-9A1E7A4F7556}") = "Prep2", "csharp-prep\Prep2\Prep2.csproj", "{C7B81861-4133-4BCE-9EE2-236FED0C004D}"
EndProject
Project("{9A19103F-16F7-4668-BE54-9A1E7A4F7556}") = "Prep3", "csharp-prep\Prep3\Prep3.csproj", "{C2E04A81-24C8-44CC-BD1E-2BFBC44C93F8}"
EndProject
Project("{9A19103F-16F7-4668-BE54-9A1E7A4F7556}") = "Prep4", "csharp-prep\Prep4\Prep4.csproj", "{1B22F811-65F0-45FB-9B61-86B98A9861FC}"
EndProject
Project("{9A19103F-16F7-4668-BE54-9A1E7A4F7556}") = "Prep5", "csharp-prep\Prep5\Prep5.csproj", "{47FF74DB-7EE1-4BFE-8BEB-7A0CE52D046E}"
EndProject
Project("{2150E333-8FDC-42A3-9474-1A3956D46DE8}") = "final", "final", "{EA239849-F60B-4EEB-AC68-E6E1EE1F6BEC}"
EndProject
Project("{9A19103F-16F7-4668-BE54-9A1E7A4F7556}") = "FinalProject", "final\FinalProject\FinalProject.csproj", "{475693B5-25EC-437A-BECD-B152A4D2676B}"
EndProject
Project("{9A19103F-16F7-4668-BE54-9A1E7A4F7556}") = "Foundation1", "final\Foundation1\Foundation1.csproj", "{E7C8F217-AB92-49DF-9A8A-6F948E0EFE4E}"
EndProject
Project("{9A19103F-16F7-4668-BE54-9A1E7A4F7556}") = "Foundation2", "final\Foundation2\Foundation2.csproj", "{8D751219-EB17-494E-A26D-26E9D9A5C6F7}"
EndProject
Project("{9A19103F-16F7-4668-BE54-9A1E7A4F7556}") = "Foundation3", "final\Foundation3\Foundation3.csproj", "{5EE8F844-B3E3-46AA-86A8-0B3900C7E976}"
EndProject
Project("{9A19103F-16F7-4668-BE54-9A1E7A4F7556}") = "Foundation4", "final\Foundation4\Foundation4.csproj", "{AD2E66A9-4E93-462F-B5CC-AABFF507B652}"
EndProject
Project("{2150E333-8FDC-42A3-9474-1A3956D46DE8}") = "prepare", "prepare", "{EEEB9987-143E-4553-9CA4-9B0BAB17F3CB}"
EndProject
Project("{9A19103F-16F7-4668-BE54-9A1E7A4F7556}") = "Learning02", "prepare\Learning02\Learning02.csproj", "{CC1D8ED1-F4D6-45F8-B506-08E0B6546272}"
EndProject
Project("{9A19103F-16F7-4668-BE54-9A1E7A4F7556}") = "Learning03", "prepare\Learning03\Learning03.csproj", "{818C5029-1E76-4329-94D1-05EDB6A9A2B6}"
EndProject
Project("{9A19103F-16F7-4668-BE54-9A1E7A4F7556}") = "Learning04", "prepare\Learning04\Learning04.csproj", "{C59F2B41-BAA5-4B38-B395-F01B87F2A3BF}"
EndProject
Project("{9A19103F-16F7-4668-BE54-9A1E7A4F7556}") = "Learning05", "prepare\Learning05\Learning05.csproj", "{ED1F9187-D8D7-401D-ABE3-50E9219B96AC}"
EndProject
Project("{2150E333-8FDC-42A3-9474-1A3956D46DE8}") = "prove", "prove", "{724AE49E-ACE2-4610-8CE1-EFB332FCBEDA}"
EndProject
Project("{9A19103F-16F7-4668-BE54-9A1E7A4F7556}") = "Develop02", "prove\Develop02\Develop02.csproj", "{39865CCD-E5FB-474F-8DEB-B87B00898C8D}"
EndProject
Project("{9A19103F-16F7-4668-BE54-9A1E7A4F7556}") = "Develop03", "prove\Develop03\Develop03.csproj", "{62F06382-96EE-43B8-9D00-BAADF1FDA3BB}"
EndProject
Project("{9A19103F-16F7-4668-BE54-9A1E7A4F7556}") = "Develop04", "prove\Develop04\Develop04.csproj", "{F1693832-867C-42D4-8EB4-3E0D4968A027}"
EndProject
Project("{9A19103F-16F7-4668-BE54-9A1E7A4F7556}") = "Develop05", "prove\Develop05\Develop05.csproj", "{F08C0FEB-5DAB-4607-84EC-8E39440E9BEB}"
EndProject
Project("{2150E333-8FDC-42A3-9474-1A3956D46DE8}") = "sandbox", "sandbox", "{40FA3F3A-89DF-4C63-832D-C0C1E2E26445}"
EndProject
Project("{9A19103F-16F7-4668-BE54-9A1E7A4F7556}") = "Sandbox", "sandbox\Sandbox\Sandbox.csproj", "{88CDB950-65E1-4CB5-8558-653829FEAA36}"
EndProject
Global
	GlobalSection(SolutionConfigurationPlatforms) = preSolution
		Debug|Any CPU = Debug|Any CPU
		Release|Any CPU = Release|Any CPU
	EndGlobalSection
	GlobalSection(ProjectConfigurationPlatforms) = postSolution
		{9C31DAF5-BE48-4B8F-BB53-D6D7D8968DAE}.Debug|Any CPU.ActiveCfg = Debug|Any CPU
		{9C31DAF5-BE48-4B8F-BB53-D6D7D8968DAE}.Debug|Any CPU.Build.0 = Debug|Any CPU
		{9C31DAF5-BE48-4B8F-BB53-D6D7D8968DAE}.Release|Any CPU.ActiveCfg = Release|Any CPU
		{9C31DAF5-BE48-4B8F-BB53-D6D7D8968DAE}.Release|Any CPU.Build.0 = Release|Any CPU
		{C7B81861-4133-4BCE-9EE2-236FED0C004D}.Debug|Any CPU.ActiveCfg = Debug|Any CPU
		{C7B81861-4133-4BCE-9EE2-236FED0C004D}.Debug|Any CPU.Build.0 = Debug|Any CPU
		{C7B81861-4133-4BCE-9EE2-236FED0C004D}.Release|Any CPU.ActiveCfg = Release|Any CPU
		{C7B81861-4133-4BCE-9EE2-236FED0C004D}.Release|Any CPU.Build.0 = Release|Any CPU
		{C2E04A81-24C8-44CC-BD1E-2BFBC44C93F8}.Debug|Any CPU.ActiveCfg = Debug|Any CPU
		{C2E04A81-24C8-44CC-BD1E-2BFBC44C93F8}.Debug|Any CPU.Build.0 = Debug|Any CPU
		{C2E04A81-24C8-44CC-BD1E-2BFBC44C93F8}.Release|Any CPU.ActiveCfg = Release|Any CPU
		{C2E04A81-24C8-44CC-BD1E-2BFBC44C93F8}.Release|Any CPU.Build.0 = Release|Any CPU
		{1B22F811-65F0-45FB-9B61-86B98A9861FC}.Debug|Any CPU.ActiveCfg = Debug|Any CPU
		{1B22F811-65F0-45FB-9B61-86B98A9861FC}.Debug|Any CPU.Build.0 = Debug|Any CPU
		{1B22F811-65F0-45FB-9B61-86B98A9861FC}.Release|Any CPU.ActiveCfg = Release|Any CPU
		{1B22F811-65F0-45FB-9B61-86B98A9861FC}.Release|Any CPU.Build.0 = Release|Any CPU
		{47FF74DB-7EE1-4BFE-8BEB-7A0CE52D046E}.Debug|Any CPU.ActiveCfg = Debug|Any CPU
		{47FF74DB-7EE1-4BFE-8BEB-7A0CE52D046E}.Debug|Any CPU.Build.0 = Debug|Any CPU
		{47FF74DB-7EE1-4BFE-8BEB-7A0CE52D046E}.Release|Any CPU.ActiveCfg = Release|Any CPU
		{47FF74DB-7EE1-4BFE-8BEB-7A0CE52D046E}.Release|Any CPU.Build.0 = Release|Any CPU
		{475693B5-25EC-437A-BECD-B152A4D2676B}.Debug|Any CPU.ActiveCfg = Debug|Any CPU
		{475693B5-25EC-437A-BECD-B152A4D2676B}.Debug|Any CPU.Build.0 = Debug|Any CPU
		{475693B5-25EC-437A-BECD-B152A4D2676B}.Release|Any CPU.ActiveCfg = Release|Any CPU
		{475693B5-25EC-437A-BECD-B152A4D2676B}.Release|Any CPU.Build.0 = Release|Any CPU
		{E7C8F217-AB92-49DF-9A8A-6F948E0EFE4E}.Debug|Any CPU.ActiveCfg = Debug|Any CPU
		{E7C8F217-AB92-49DF-9A8A-6F948E0EFE4E}.Debug|Any CPU.Build.0 = Debug|Any CPU
		{E7C8F217-AB92-49DF-9A8A-6F948E0EFE4E}.Release|Any CPU.ActiveCfg = Release|Any CPU
		{E7C8F217-AB92-49DF-9A8A-6F948E0EFE4E}.Release|Any CPU.Build.0 = Release|Any CPU
		{8D751219-EB17-494E-A26D-26E9D9A5C6F7}.Debug|Any CPU.ActiveCfg = Debug|Any CPU
		{8D751219-EB17-494E-A26D-26E9D9A5C6F7}.Debug|Any CPU.Build.0 = Debug|Any CPU
		{8D751219-EB17-494E-A26D-26E9D9A5C6F7}.Release|Any CPU.ActiveCfg = Release|Any CPU
		{8D751219-EB17-494E-A26D-26E9D9A5C6F7}.Release|Any CPU.Build.0 = Release|Any CPU
		{5EE8F844-B3E3-46AA-86A8-0B3900C7E976}.Debug|Any CPU.ActiveCfg = Debug|Any CPU
		{5EE8F844-B3E3-46AA-86A8-0B3900C7E976}.Debug|Any CPU.Build.0 = Debug|Any CPU
		{5EE8F844-B3E3-46AA-86A8-0B3900C7E976}.Release|Any CPU.ActiveCfg = Release|Any CPU
		{5EE8F844-B3E3-46AA-86A8-0B3900C7E976}.Release|Any CPU.Build.0 = Release|Any CPU
		{AD2E66A9-4E93-462F-B5CC-AABFF507B652}.Debug|Any CPU.ActiveCfg = Debug|Any CPU
		{AD2E66A9-4E93-462F-B5CC-AABFF507B652}.Debug|Any CPU.Build.0 = Debug|Any CPU
		{AD2E66A9-4E93-462F-B5CC-AABFF507B652}.Release|Any CPU.ActiveCfg = Release|Any CPU
		{AD2E66A9-4E93-462F-B5CC-AABFF507B652}.Release|Any CPU.Build.0 = Release|Any CPU
		{CC1D8ED1-F4D6-45F8-B506-08E0B6546272}.Debug|Any CPU.ActiveCfg = Debug|Any CPU
		{CC1D8ED1-F4D6-45F8-B506-08E0B6546272}.Debug|Any CPU.Build.0 = Debug|Any CPU
		{CC1D8ED1-F4D6-45F8-B506-08E0B6546272}.Release|Any CPU.ActiveCfg = Release|Any CPU
		{CC1D8ED1-F4D6-45F8-B506-08E0B6546272}.Release|Any CPU.Build.0 = Release|Any CPU
		{818C5029-1E76-4329-94D1-05EDB6A9A2B6}.Debug|Any CPU.ActiveCfg = Debug|Any CPU
		{818C5029-1E76-4329-94D1-05EDB6A9A2B6}.Debug|Any CPU.Build.0 = Debug|Any CPU
		{818C5029-1E76-4329-94D1-05EDB6A9A2B6}.Release|Any CPU.ActiveCfg = Release|Any CPU
		{818C5029-1E76-4329-94D1-05EDB6A9A2B6}.Release|Any CPU.Build.0 = Release|Any CPU
		{C59F2B41-BAA5-4B38-B395-F01B87F2A3BF}.Debug|Any CPU.ActiveCfg = Debug|Any CPU
		{C59F2B41-BAA5-4B38-B395-F01B87F2A3BF}.Debug|Any CPU.Build.0 = Debug|Any CPU
		{C59F2B41-BAA5-4B38-B395-F01B87F2A3BF}.Release|Any CPU.ActiveCfg = Release|Any CPU
		{C59F2B41-BAA5-4B38-B395-F01B87F2A3BF}.Release|Any CPU.Build.0 = Release|Any CPU
		{ED1F9187-D8D7-401D-ABE3-50E9219B96AC}.Debug|Any CPU.ActiveCfg = Debug|Any CPU
		{ED1F9187-D8D7-401D-ABE3-50E9219B96AC}.Debug|Any CPU.Build.0 = Debug|Any CPU
		{ED1F9187-D8D7-401D-ABE3-50E9219B96AC}.Release|Any CPU.ActiveCfg = Release|Any CPU
		{ED1F9187-D8D7-401D-ABE3-50E9219B96AC}.Release|Any CPU.Build.0 = Release|Any CPU
		{39865CCD-E5FB-474F-8DEB-B87B00898C8D}.Debug|Any CPU.ActiveCfg = Debug|Any CPU
		{39865CCD-E5FB-474F-8DEB-B87B00898C8D}.Debug|Any CPU.Build.0 = Debug|Any CPU
		{39865CCD-E5FB-474F-8DEB-B87B00898C8D}.Release|Any CPU.ActiveCfg = Release|Any CPU
		{39865CCD-E5FB-474F-8DEB-B87B00898C8D}.Release|Any CPU.Build.0 = Release|Any CPU
		{62F06382-96EE-43B8-9D00-BAADF1FDA3BB}.Debug|Any CPU.ActiveCfg = Debug|Any CPU
		{62F06382-96EE-43B8-9D00-BAADF1FDA3BB}.Debug|Any CPU.Build.0 = Debug|Any CPU
		{62F06382-96EE-43B8-9D00-BAADF1FDA3BB}.Release|Any CPU.ActiveCfg = Release|Any CPU
		{62F06382-96EE-43B8-9D00-BAADF1FDA3BB}.Release|Any CPU.Build.0 = Release|Any CPU
		{F1693832-867C-42D4-8EB4-3E0D4968A027}.Debug|Any CPU.ActiveCfg = Debug|Any CPU
		{F1693832-867C-42D4-8EB4-3E0D4968A027}.Debug|Any CPU.Build.0 = Debug|Any CPU
		{F1693832-867C-42D4-8EB4-3E0D4968A027}.Release|Any CPU.ActiveCfg = Release|Any CPU
		{F1693832-867C-42D4-8EB4-3E0D4968A027}.Release|Any CPU.Build.0 = Release|Any CPU
		{F08C0FEB-5DAB-4607-84EC-8E39440E9BEB}.Debug|Any CPU.ActiveCfg = Debug|Any CPU
		{F08C0FEB-5DAB-4607-84EC-8E39440E9BEB}.Debug|Any CPU.Build.0 = Debug|Any CPU
		{F08C0FEB-5DAB-4607-84EC-8E39440E9BEB}.Release|Any CPU.ActiveCfg = Release|Any CPU
		{F08C0FEB-5DAB-4607-84EC-8E39440E9BEB}.Release|Any CPU.Build.0 = Release|Any CPU
		{88CDB950-65E1-4CB5-8558-653829FEAA36}.Debug|Any CPU.ActiveCfg = Debug|Any CPU
		{88CDB950-65E1-4CB5-8558-653829FEAA36}.Debug|Any CPU.Build.0 = Debug|Any CPU
		{88CDB950-65E1-4CB5-8558-653829FEAA36}.Release|Any CPU.ActiveCfg = Release|Any CPU
		{88CDB950-65E1-4CB5-8558-653829FEAA36}.Release|Any CPU.Build.0 = Release|Any CPU
	EndGlobalSection
	GlobalSection(SolutionProperties) = preSolution
		HideSolutionNode = FALSE
	EndGlobalSection
	GlobalSection(NestedProjects) = preSolution
		{9C31DAF5-BE48-4B8F-BB53-D6D7D8968DAE} = {DBBF59A7-62F3-4DFE-BCB4-9BC4CFCB3CA0}
		{C7B81861-4133-4BCE-9EE2-236FED0C004D} = {DBBF59A7-62F3-4DFE-BCB4-9BC4CFCB3CA0}
		{C2E04A81-24C8-44CC-BD1E-2BFBC44C93F8} = {DBBF59A7-62F3-4DFE-BCB4-9BC4CFCB3CA0}
		{1B22F811-65F0-45FB-9B61-86B98A9861FC} = {DBBF59A7-62F3-4DFE-BCB4-9BC4CFCB3CA0}
		{47FF74DB-7EE1-4BFE-8BEB-7A0CE52D046E} = {DBBF59A7-62F3-4DFE-BCB4-9BC4CFCB3CA0}
		{475693B5-25EC-437A-BECD-B152A4D2676B} = {EA239849-F60B-4EEB-AC68-E6E1EE1F6BEC}
		{E7C8F217-AB92-49DF-9A8A-6F948E0EFE4E} = {EA239849-F60B-4EEB-AC68-E6E1EE1F6BEC}
		{8D751219-EB17-494E-A26D-26E9D9A5C6F7} = {EA239849-F60B-4EEB-AC68-E6E1EE1F6BEC}
		{5EE8F844-B3E3-46AA-86A8-0B3900C7E976} = {EA239849-F60B-4EEB-AC68-E6E1EE1F6BEC}
		{AD2E66A9-4E93-462F-B5CC-AABFF507B652} = {EA239849-F60B-4EEB-AC68-E6E1EE1F6BEC}
		{CC1D8ED1-F4D6-45F8-B506-08E0B6546272} = {EEEB9987-143E-4553-9CA4-9B0BAB17F3CB}
		{818C5029-1E76-4329-94D1-05EDB6A9A2B6} = {EEEB9987-143E-4553-9CA4-9B0BAB17F3CB}
		{C59F2B41-BAA5-4B38-B395-F01B87F2A3BF} = {EEEB9987-143E-4553-9CA4-9B0BAB17F3CB}
		{ED1F9187-D8D7-401D-ABE3-50E9219B96AC} = {EEEB9987-143E-4553-9CA4-9B0BAB17F3CB}
		{39865CCD-E5FB-474F-8DEB-B87B00898C8D} = {724AE49E-ACE2-4610-8CE1-EFB332FCBEDA}
		{62F06382-96EE-43B8-9D00-BAADF1FDA3BB} = {724AE49E-ACE2-4610-8CE1-EFB332FCBEDA}
		{F1693832-867C-42D4-8EB4-3E0D4968A027} = {724AE49E-ACE2-4610-8CE1-EFB332FCBEDA}
		{F08C0FEB-5DAB-4607-84EC-8E39440E9BEB} = {724AE49E-ACE2-4610-8CE1-EFB332FCBEDA}
		{88CDB950-65E1-4CB5-8558-653829FEAA36} = {40FA3F3A-89DF-4C63-832D-C0C1E2E26445}
	EndGlobalSection
	GlobalSection(ExtensibilityGlobals) = postSolution
		SolutionGuid = {521F9803-2172-4DAA-B97E-12FE24F5BA09}
	EndGlobalSection
EndGlobal
